
Microsoft Visual Studio Solution File, Format Version 12.00
Project("{FAE04EC0-301F-11D3-BF4B-00C04F79EFBC}") = "Cw1", "Cw1\Cw1.csproj", "{002C8522-11EC-43EF-9016-99A1452110CD}"
EndProject
Global
	GlobalSection(SolutionConfigurationPlatforms) = preSolution
		Debug|Any CPU = Debug|Any CPU
		Release|Any CPU = Release|Any CPU
	EndGlobalSection
	GlobalSection(ProjectConfigurationPlatforms) = postSolution
		{002C8522-11EC-43EF-9016-99A1452110CD}.Debug|Any CPU.ActiveCfg = Debug|Any CPU
		{002C8522-11EC-43EF-9016-99A1452110CD}.Debug|Any CPU.Build.0 = Debug|Any CPU
		{002C8522-11EC-43EF-9016-99A1452110CD}.Release|Any CPU.ActiveCfg = Release|Any CPU
		{002C8522-11EC-43EF-9016-99A1452110CD}.Release|Any CPU.Build.0 = Release|Any CPU
	EndGlobalSection
EndGlobal
